// !$*UTF8*$!
{
	archiveVersion = 1;
	classes = {
	};
	objectVersion = 56;
	objects = {

/* Begin PBXBuildFile section */
		5B96B8182C4A1F64009E190A /* AppDelegate.swift in Sources */ = {isa = PBXBuildFile; fileRef = 5B96B8172C4A1F64009E190A /* AppDelegate.swift */; };
		5B96B81A2C4A1F64009E190A /* SceneDelegate.swift in Sources */ = {isa = PBXBuildFile; fileRef = 5B96B8192C4A1F64009E190A /* SceneDelegate.swift */; };
		5B96B81C2C4A1F64009E190A /* ViewController.swift in Sources */ = {isa = PBXBuildFile; fileRef = 5B96B81B2C4A1F64009E190A /* ViewController.swift */; };
		5B96B81F2C4A1F64009E190A /* Base in Resources */ = {isa = PBXBuildFile; fileRef = 5B96B81E2C4A1F64009E190A /* Base */; };
		5B96B8222C4A1F64009E190A /* TestCopilotForXcodeClaude.xcdatamodeld in Sources */ = {isa = PBXBuildFile; fileRef = 5B96B8202C4A1F64009E190A /* TestCopilotForXcodeClaude.xcdatamodeld */; };
		5B96B8242C4A1F66009E190A /* Assets.xcassets in Resources */ = {isa = PBXBuildFile; fileRef = 5B96B8232C4A1F66009E190A /* Assets.xcassets */; };
		5B96B8272C4A1F66009E190A /* Base in Resources */ = {isa = PBXBuildFile; fileRef = 5B96B8262C4A1F66009E190A /* Base */; };
		5B96B8322C4A1F66009E190A /* TestCopilotForXcodeClaudeTests.swift in Sources */ = {isa = PBXBuildFile; fileRef = 5B96B8312C4A1F66009E190A /* TestCopilotForXcodeClaudeTests.swift */; };
		5B96B83C2C4A1F66009E190A /* TestCopilotForXcodeClaudeUITests.swift in Sources */ = {isa = PBXBuildFile; fileRef = 5B96B83B2C4A1F66009E190A /* TestCopilotForXcodeClaudeUITests.swift */; };
		5B96B83E2C4A1F66009E190A /* TestCopilotForXcodeClaudeUITestsLaunchTests.swift in Sources */ = {isa = PBXBuildFile; fileRef = 5B96B83D2C4A1F66009E190A /* TestCopilotForXcodeClaudeUITestsLaunchTests.swift */; };
		5BBF17052C5CDF4E00ECFAF2 /* TweetCell.swift in Sources */ = {isa = PBXBuildFile; fileRef = 5BBF17042C5CDF4E00ECFAF2 /* TweetCell.swift */; };
		5BBF17072C5CDF7900ECFAF2 /* Tweet.swift in Sources */ = {isa = PBXBuildFile; fileRef = 5BBF17062C5CDF7900ECFAF2 /* Tweet.swift */; };
/* End PBXBuildFile section */

/* Begin PBXContainerItemProxy section */
		5B96B82E2C4A1F66009E190A /* PBXContainerItemProxy */ = {
			isa = PBXContainerItemProxy;
			containerPortal = 5B96B80C2C4A1F64009E190A /* Project object */;
			proxyType = 1;
			remoteGlobalIDString = 5B96B8132C4A1F64009E190A;
			remoteInfo = TestCopilotForXcodeClaude;
		};
		5B96B8382C4A1F66009E190A /* PBXContainerItemProxy */ = {
			isa = PBXContainerItemProxy;
			containerPortal = 5B96B80C2C4A1F64009E190A /* Project object */;
			proxyType = 1;
			remoteGlobalIDString = 5B96B8132C4A1F64009E190A;
			remoteInfo = TestCopilotForXcodeClaude;
		};
/* End PBXContainerItemProxy section */

/* Begin PBXFileReference section */
		5B96B8142C4A1F64009E190A /* TestCopilotForXcodeClaude.app */ = {isa = PBXFileReference; explicitFileType = wrapper.application; includeInIndex = 0; path = TestCopilotForXcodeClaude.app; sourceTree = BUILT_PRODUCTS_DIR; };
		5B96B8172C4A1F64009E190A /* AppDelegate.swift */ = {isa = PBXFileReference; lastKnownFileType = sourcecode.swift; path = AppDelegate.swift; sourceTree = "<group>"; };
		5B96B8192C4A1F64009E190A /* SceneDelegate.swift */ = {isa = PBXFileReference; lastKnownFileType = sourcecode.swift; path = SceneDelegate.swift; sourceTree = "<group>"; };
		5B96B81B2C4A1F64009E190A /* ViewController.swift */ = {isa = PBXFileReference; lastKnownFileType = sourcecode.swift; path = ViewController.swift; sourceTree = "<group>"; };
		5B96B81E2C4A1F64009E190A /* Base */ = {isa = PBXFileReference; lastKnownFileType = file.storyboard; name = Base; path = Base.lproj/Main.storyboard; sourceTree = "<group>"; };
		5B96B8212C4A1F64009E190A /* TestCopilotForXcodeClaude.xcdatamodel */ = {isa = PBXFileReference; lastKnownFileType = wrapper.xcdatamodel; path = TestCopilotForXcodeClaude.xcdatamodel; sourceTree = "<group>"; };
		5B96B8232C4A1F66009E190A /* Assets.xcassets */ = {isa = PBXFileReference; lastKnownFileType = folder.assetcatalog; path = Assets.xcassets; sourceTree = "<group>"; };
		5B96B8262C4A1F66009E190A /* Base */ = {isa = PBXFileReference; lastKnownFileType = file.storyboard; name = Base; path = Base.lproj/LaunchScreen.storyboard; sourceTree = "<group>"; };
		5B96B8282C4A1F66009E190A /* Info.plist */ = {isa = PBXFileReference; lastKnownFileType = text.plist.xml; path = Info.plist; sourceTree = "<group>"; };
		5B96B82D2C4A1F66009E190A /* TestCopilotForXcodeClaudeTests.xctest */ = {isa = PBXFileReference; explicitFileType = wrapper.cfbundle; includeInIndex = 0; path = TestCopilotForXcodeClaudeTests.xctest; sourceTree = BUILT_PRODUCTS_DIR; };
		5B96B8312C4A1F66009E190A /* TestCopilotForXcodeClaudeTests.swift */ = {isa = PBXFileReference; lastKnownFileType = sourcecode.swift; path = TestCopilotForXcodeClaudeTests.swift; sourceTree = "<group>"; };
		5B96B8372C4A1F66009E190A /* TestCopilotForXcodeClaudeUITests.xctest */ = {isa = PBXFileReference; explicitFileType = wrapper.cfbundle; includeInIndex = 0; path = TestCopilotForXcodeClaudeUITests.xctest; sourceTree = BUILT_PRODUCTS_DIR; };
		5B96B83B2C4A1F66009E190A /* TestCopilotForXcodeClaudeUITests.swift */ = {isa = PBXFileReference; lastKnownFileType = sourcecode.swift; path = TestCopilotForXcodeClaudeUITests.swift; sourceTree = "<group>"; };
		5B96B83D2C4A1F66009E190A /* TestCopilotForXcodeClaudeUITestsLaunchTests.swift */ = {isa = PBXFileReference; lastKnownFileType = sourcecode.swift; path = TestCopilotForXcodeClaudeUITestsLaunchTests.swift; sourceTree = "<group>"; };
		5BBF17042C5CDF4E00ECFAF2 /* TweetCell.swift */ = {isa = PBXFileReference; lastKnownFileType = sourcecode.swift; path = TweetCell.swift; sourceTree = "<group>"; };
		5BBF17062C5CDF7900ECFAF2 /* Tweet.swift */ = {isa = PBXFileReference; lastKnownFileType = sourcecode.swift; path = Tweet.swift; sourceTree = "<group>"; };
/* End PBXFileReference section */

/* Begin PBXFrameworksBuildPhase section */
		5B96B8112C4A1F64009E190A /* Frameworks */ = {
			isa = PBXFrameworksBuildPhase;
			buildActionMask = 2147483647;
			files = (
			);
			runOnlyForDeploymentPostprocessing = 0;
		};
		5B96B82A2C4A1F66009E190A /* Frameworks */ = {
			isa = PBXFrameworksBuildPhase;
			buildActionMask = 2147483647;
			files = (
			);
			runOnlyForDeploymentPostprocessing = 0;
		};
		5B96B8342C4A1F66009E190A /* Frameworks */ = {
			isa = PBXFrameworksBuildPhase;
			buildActionMask = 2147483647;
			files = (
			);
			runOnlyForDeploymentPostprocessing = 0;
		};
/* End PBXFrameworksBuildPhase section */

/* Begin PBXGroup section */
		5B96B80B2C4A1F64009E190A = {
			isa = PBXGroup;
			children = (
				5B96B8162C4A1F64009E190A /* TestCopilotForXcodeClaude */,
				5B96B8302C4A1F66009E190A /* TestCopilotForXcodeClaudeTests */,
				5B96B83A2C4A1F66009E190A /* TestCopilotForXcodeClaudeUITests */,
				5B96B8152C4A1F64009E190A /* Products */,
			);
			sourceTree = "<group>";
		};
		5B96B8152C4A1F64009E190A /* Products */ = {
			isa = PBXGroup;
			children = (
				5B96B8142C4A1F64009E190A /* TestCopilotForXcodeClaude.app */,
				5B96B82D2C4A1F66009E190A /* TestCopilotForXcodeClaudeTests.xctest */,
				5B96B8372C4A1F66009E190A /* TestCopilotForXcodeClaudeUITests.xctest */,
			);
			name = Products;
			sourceTree = "<group>";
		};
		5B96B8162C4A1F64009E190A /* TestCopilotForXcodeClaude */ = {
			isa = PBXGroup;
			children = (
				5B96B8172C4A1F64009E190A /* AppDelegate.swift */,
				5B96B8192C4A1F64009E190A /* SceneDelegate.swift */,
				5B96B81B2C4A1F64009E190A /* ViewController.swift */,
				5BBF17042C5CDF4E00ECFAF2 /* TweetCell.swift */,
				5B96B81D2C4A1F64009E190A /* Main.storyboard */,
				5B96B8232C4A1F66009E190A /* Assets.xcassets */,
				5B96B8252C4A1F66009E190A /* LaunchScreen.storyboard */,
				5B96B8282C4A1F66009E190A /* Info.plist */,
				5B96B8202C4A1F64009E190A /* TestCopilotForXcodeClaude.xcdatamodeld */,
				5BBF17062C5CDF7900ECFAF2 /* Tweet.swift */,
			);
			path = TestCopilotForXcodeClaude;
			sourceTree = "<group>";
		};
		5B96B8302C4A1F66009E190A /* TestCopilotForXcodeClaudeTests */ = {
			isa = PBXGroup;
			children = (
				5B96B8312C4A1F66009E190A /* TestCopilotForXcodeClaudeTests.swift */,
			);
			path = TestCopilotForXcodeClaudeTests;
			sourceTree = "<group>";
		};
		5B96B83A2C4A1F66009E190A /* TestCopilotForXcodeClaudeUITests */ = {
			isa = PBXGroup;
			children = (
				5B96B83B2C4A1F66009E190A /* TestCopilotForXcodeClaudeUITests.swift */,
				5B96B83D2C4A1F66009E190A /* TestCopilotForXcodeClaudeUITestsLaunchTests.swift */,
			);
			path = TestCopilotForXcodeClaudeUITests;
			sourceTree = "<group>";
		};
/* End PBXGroup section */

/* Begin PBXNativeTarget section */
		5B96B8132C4A1F64009E190A /* TestCopilotForXcodeClaude */ = {
			isa = PBXNativeTarget;
			buildConfigurationList = 5B96B8412C4A1F66009E190A /* Build configuration list for PBXNativeTarget "TestCopilotForXcodeClaude" */;
			buildPhases = (
				5B96B8102C4A1F64009E190A /* Sources */,
				5B96B8112C4A1F64009E190A /* Frameworks */,
				5B96B8122C4A1F64009E190A /* Resources */,
			);
			buildRules = (
			);
			dependencies = (
			);
			name = TestCopilotForXcodeClaude;
			productName = TestCopilotForXcodeClaude;
			productReference = 5B96B8142C4A1F64009E190A /* TestCopilotForXcodeClaude.app */;
			productType = "com.apple.product-type.application";
		};
		5B96B82C2C4A1F66009E190A /* TestCopilotForXcodeClaudeTests */ = {
			isa = PBXNativeTarget;
			buildConfigurationList = 5B96B8442C4A1F66009E190A /* Build configuration list for PBXNativeTarget "TestCopilotForXcodeClaudeTests" */;
			buildPhases = (
				5B96B8292C4A1F66009E190A /* Sources */,
				5B96B82A2C4A1F66009E190A /* Frameworks */,
				5B96B82B2C4A1F66009E190A /* Resources */,
			);
			buildRules = (
			);
			dependencies = (
				5B96B82F2C4A1F66009E190A /* PBXTargetDependency */,
			);
			name = TestCopilotForXcodeClaudeTests;
			productName = TestCopilotForXcodeClaudeTests;
			productReference = 5B96B82D2C4A1F66009E190A /* TestCopilotForXcodeClaudeTests.xctest */;
			productType = "com.apple.product-type.bundle.unit-test";
		};
		5B96B8362C4A1F66009E190A /* TestCopilotForXcodeClaudeUITests */ = {
			isa = PBXNativeTarget;
			buildConfigurationList = 5B96B8472C4A1F66009E190A /* Build configuration list for PBXNativeTarget "TestCopilotForXcodeClaudeUITests" */;
			buildPhases = (
				5B96B8332C4A1F66009E190A /* Sources */,
				5B96B8342C4A1F66009E190A /* Frameworks */,
				5B96B8352C4A1F66009E190A /* Resources */,
			);
			buildRules = (
			);
			dependencies = (
				5B96B8392C4A1F66009E190A /* PBXTargetDependency */,
			);
			name = TestCopilotForXcodeClaudeUITests;
			productName = TestCopilotForXcodeClaudeUITests;
			productReference = 5B96B8372C4A1F66009E190A /* TestCopilotForXcodeClaudeUITests.xctest */;
			productType = "com.apple.product-type.bundle.ui-testing";
		};
/* End PBXNativeTarget section */

/* Begin PBXProject section */
		5B96B80C2C4A1F64009E190A /* Project object */ = {
			isa = PBXProject;
			attributes = {
				BuildIndependentTargetsInParallel = 1;
				LastSwiftUpdateCheck = 1540;
				LastUpgradeCheck = 1540;
				TargetAttributes = {
					5B96B8132C4A1F64009E190A = {
						CreatedOnToolsVersion = 15.4;
					};
					5B96B82C2C4A1F66009E190A = {
						CreatedOnToolsVersion = 15.4;
						TestTargetID = 5B96B8132C4A1F64009E190A;
					};
					5B96B8362C4A1F66009E190A = {
						CreatedOnToolsVersion = 15.4;
						TestTargetID = 5B96B8132C4A1F64009E190A;
					};
				};
			};
			buildConfigurationList = 5B96B80F2C4A1F64009E190A /* Build configuration list for PBXProject "TestCopilotForXcodeClaude" */;
			compatibilityVersion = "Xcode 14.0";
			developmentRegion = en;
			hasScannedForEncodings = 0;
			knownRegions = (
				en,
				Base,
			);
			mainGroup = 5B96B80B2C4A1F64009E190A;
			productRefGroup = 5B96B8152C4A1F64009E190A /* Products */;
			projectDirPath = "";
			projectRoot = "";
			targets = (
				5B96B8132C4A1F64009E190A /* TestCopilotForXcodeClaude */,
				5B96B82C2C4A1F66009E190A /* TestCopilotForXcodeClaudeTests */,
				5B96B8362C4A1F66009E190A /* TestCopilotForXcodeClaudeUITests */,
			);
		};
/* End PBXProject section */

/* Begin PBXResourcesBuildPhase section */
		5B96B8122C4A1F64009E190A /* Resources */ = {
			isa = PBXResourcesBuildPhase;
			buildActionMask = 2147483647;
			files = (
				5B96B8242C4A1F66009E190A /* Assets.xcassets in Resources */,
				5B96B8272C4A1F66009E190A /* Base in Resources */,
				5B96B81F2C4A1F64009E190A /* Base in Resources */,
			);
			runOnlyForDeploymentPostprocessing = 0;
		};
		5B96B82B2C4A1F66009E190A /* Resources */ = {
			isa = PBXResourcesBuildPhase;
			buildActionMask = 2147483647;
			files = (
			);
			runOnlyForDeploymentPostprocessing = 0;
		};
		5B96B8352C4A1F66009E190A /* Resources */ = {
			isa = PBXResourcesBuildPhase;
			buildActionMask = 2147483647;
			files = (
			);
			runOnlyForDeploymentPostprocessing = 0;
		};
/* End PBXResourcesBuildPhase section */

/* Begin PBXSourcesBuildPhase section */
		5B96B8102C4A1F64009E190A /* Sources */ = {
			isa = PBXSourcesBuildPhase;
			buildActionMask = 2147483647;
			files = (
				5B96B8222C4A1F64009E190A /* TestCopilotForXcodeClaude.xcdatamodeld in Sources */,
				5B96B81C2C4A1F64009E190A /* ViewController.swift in Sources */,
				5BBF17052C5CDF4E00ECFAF2 /* TweetCell.swift in Sources */,
				5BBF17072C5CDF7900ECFAF2 /* Tweet.swift in Sources */,
				5B96B8182C4A1F64009E190A /* AppDelegate.swift in Sources */,
				5B96B81A2C4A1F64009E190A /* SceneDelegate.swift in Sources */,
			);
			runOnlyForDeploymentPostprocessing = 0;
		};
		5B96B8292C4A1F66009E190A /* Sources */ = {
			isa = PBXSourcesBuildPhase;
			buildActionMask = 2147483647;
			files = (
				5B96B8322C4A1F66009E190A /* TestCopilotForXcodeClaudeTests.swift in Sources */,
			);
			runOnlyForDeploymentPostprocessing = 0;
		};
		5B96B8332C4A1F66009E190A /* Sources */ = {
			isa = PBXSourcesBuildPhase;
			buildActionMask = 2147483647;
			files = (
				5B96B83C2C4A1F66009E190A /* TestCopilotForXcodeClaudeUITests.swift in Sources */,
				5B96B83E2C4A1F66009E190A /* TestCopilotForXcodeClaudeUITestsLaunchTests.swift in Sources */,
			);
			runOnlyForDeploymentPostprocessing = 0;
		};
/* End PBXSourcesBuildPhase section */

/* Begin PBXTargetDependency section */
		5B96B82F2C4A1F66009E190A /* PBXTargetDependency */ = {
			isa = PBXTargetDependency;
			target = 5B96B8132C4A1F64009E190A /* TestCopilotForXcodeClaude */;
			targetProxy = 5B96B82E2C4A1F66009E190A /* PBXContainerItemProxy */;
		};
		5B96B8392C4A1F66009E190A /* PBXTargetDependency */ = {
			isa = PBXTargetDependency;
			target = 5B96B8132C4A1F64009E190A /* TestCopilotForXcodeClaude */;
			targetProxy = 5B96B8382C4A1F66009E190A /* PBXContainerItemProxy */;
		};
/* End PBXTargetDependency section */

/* Begin PBXVariantGroup section */
		5B96B81D2C4A1F64009E190A /* Main.storyboard */ = {
			isa = PBXVariantGroup;
			children = (
				5B96B81E2C4A1F64009E190A /* Base */,
			);
			name = Main.storyboard;
			sourceTree = "<group>";
		};
		5B96B8252C4A1F66009E190A /* LaunchScreen.storyboard */ = {
			isa = PBXVariantGroup;
			children = (
				5B96B8262C4A1F66009E190A /* Base */,
			);
			name = LaunchScreen.storyboard;
			sourceTree = "<group>";
		};
/* End PBXVariantGroup section */

/* Begin XCBuildConfiguration section */
		5B96B83F2C4A1F66009E190A /* Debug */ = {
			isa = XCBuildConfiguration;
			buildSettings = {
				ALWAYS_SEARCH_USER_PATHS = NO;
				ASSETCATALOG_COMPILER_GENERATE_SWIFT_ASSET_SYMBOL_EXTENSIONS = YES;
				CLANG_ANALYZER_NONNULL = YES;
				CLANG_ANALYZER_NUMBER_OBJECT_CONVERSION = YES_AGGRESSIVE;
				CLANG_CXX_LANGUAGE_STANDARD = "gnu++20";
				CLANG_ENABLE_MODULES = YES;
				CLANG_ENABLE_OBJC_ARC = YES;
				CLANG_ENABLE_OBJC_WEAK = YES;
				CLANG_WARN_BLOCK_CAPTURE_AUTORELEASING = YES;
				CLANG_WARN_BOOL_CONVERSION = YES;
				CLANG_WARN_COMMA = YES;
				CLANG_WARN_CONSTANT_CONVERSION = YES;
				CLANG_WARN_DEPRECATED_OBJC_IMPLEMENTATIONS = YES;
				CLANG_WARN_DIRECT_OBJC_ISA_USAGE = YES_ERROR;
				CLANG_WARN_DOCUMENTATION_COMMENTS = YES;
				CLANG_WARN_EMPTY_BODY = YES;
				CLANG_WARN_ENUM_CONVERSION = YES;
				CLANG_WARN_INFINITE_RECURSION = YES;
				CLANG_WARN_INT_CONVERSION = YES;
				CLANG_WARN_NON_LITERAL_NULL_CONVERSION = YES;
				CLANG_WARN_OBJC_IMPLICIT_RETAIN_SELF = YES;
				CLANG_WARN_OBJC_LITERAL_CONVERSION = YES;
				CLANG_WARN_OBJC_ROOT_CLASS = YES_ERROR;
				CLANG_WARN_QUOTED_INCLUDE_IN_FRAMEWORK_HEADER = YES;
				CLANG_WARN_RANGE_LOOP_ANALYSIS = YES;
				CLANG_WARN_STRICT_PROTOTYPES = YES;
				CLANG_WARN_SUSPICIOUS_MOVE = YES;
				CLANG_WARN_UNGUARDED_AVAILABILITY = YES_AGGRESSIVE;
				CLANG_WARN_UNREACHABLE_CODE = YES;
				CLANG_WARN__DUPLICATE_METHOD_MATCH = YES;
				COPY_PHASE_STRIP = NO;
				DEBUG_INFORMATION_FORMAT = dwarf;
				ENABLE_STRICT_OBJC_MSGSEND = YES;
				ENABLE_TESTABILITY = YES;
				ENABLE_USER_SCRIPT_SANDBOXING = YES;
				GCC_C_LANGUAGE_STANDARD = gnu17;
				GCC_DYNAMIC_NO_PIC = NO;
				GCC_NO_COMMON_BLOCKS = YES;
				GCC_OPTIMIZATION_LEVEL = 0;
				GCC_PREPROCESSOR_DEFINITIONS = (
					"DEBUG=1",
					"$(inherited)",
				);
				GCC_WARN_64_TO_32_BIT_CONVERSION = YES;
				GCC_WARN_ABOUT_RETURN_TYPE = YES_ERROR;
				GCC_WARN_UNDECLARED_SELECTOR = YES;
				GCC_WARN_UNINITIALIZED_AUTOS = YES_AGGRESSIVE;
				GCC_WARN_UNUSED_FUNCTION = YES;
				GCC_WARN_UNUSED_VARIABLE = YES;
				IPHONEOS_DEPLOYMENT_TARGET = 17.5;
				LOCALIZATION_PREFERS_STRING_CATALOGS = YES;
				MTL_ENABLE_DEBUG_INFO = INCLUDE_SOURCE;
				MTL_FAST_MATH = YES;
				ONLY_ACTIVE_ARCH = YES;
				SDKROOT = iphoneos;
				SWIFT_ACTIVE_COMPILATION_CONDITIONS = "DEBUG $(inherited)";
				SWIFT_OPTIMIZATION_LEVEL = "-Onone";
			};
			name = Debug;
		};
		5B96B8402C4A1F66009E190A /* Release */ = {
			isa = XCBuildConfiguration;
			buildSettings = {
				ALWAYS_SEARCH_USER_PATHS = NO;
				ASSETCATALOG_COMPILER_GENERATE_SWIFT_ASSET_SYMBOL_EXTENSIONS = YES;
				CLANG_ANALYZER_NONNULL = YES;
				CLANG_ANALYZER_NUMBER_OBJECT_CONVERSION = YES_AGGRESSIVE;
				CLANG_CXX_LANGUAGE_STANDARD = "gnu++20";
				CLANG_ENABLE_MODULES = YES;
				CLANG_ENABLE_OBJC_ARC = YES;
				CLANG_ENABLE_OBJC_WEAK = YES;
				CLANG_WARN_BLOCK_CAPTURE_AUTORELEASING = YES;
				CLANG_WARN_BOOL_CONVERSION = YES;
				CLANG_WARN_COMMA = YES;
				CLANG_WARN_CONSTANT_CONVERSION = YES;
				CLANG_WARN_DEPRECATED_OBJC_IMPLEMENTATIONS = YES;
				CLANG_WARN_DIRECT_OBJC_ISA_USAGE = YES_ERROR;
				CLANG_WARN_DOCUMENTATION_COMMENTS = YES;
				CLANG_WARN_EMPTY_BODY = YES;
				CLANG_WARN_ENUM_CONVERSION = YES;
				CLANG_WARN_INFINITE_RECURSION = YES;
				CLANG_WARN_INT_CONVERSION = YES;
				CLANG_WARN_NON_LITERAL_NULL_CONVERSION = YES;
				CLANG_WARN_OBJC_IMPLICIT_RETAIN_SELF = YES;
				CLANG_WARN_OBJC_LITERAL_CONVERSION = YES;
				CLANG_WARN_OBJC_ROOT_CLASS = YES_ERROR;
				CLANG_WARN_QUOTED_INCLUDE_IN_FRAMEWORK_HEADER = YES;
				CLANG_WARN_RANGE_LOOP_ANALYSIS = YES;
				CLANG_WARN_STRICT_PROTOTYPES = YES;
				CLANG_WARN_SUSPICIOUS_MOVE = YES;
				CLANG_WARN_UNGUARDED_AVAILABILITY = YES_AGGRESSIVE;
				CLANG_WARN_UNREACHABLE_CODE = YES;
				CLANG_WARN__DUPLICATE_METHOD_MATCH = YES;
				COPY_PHASE_STRIP = NO;
				DEBUG_INFORMATION_FORMAT = "dwarf-with-dsym";
				ENABLE_NS_ASSERTIONS = NO;
				ENABLE_STRICT_OBJC_MSGSEND = YES;
				ENABLE_USER_SCRIPT_SANDBOXING = YES;
				GCC_C_LANGUAGE_STANDARD = gnu17;
				GCC_NO_COMMON_BLOCKS = YES;
				GCC_WARN_64_TO_32_BIT_CONVERSION = YES;
				GCC_WARN_ABOUT_RETURN_TYPE = YES_ERROR;
				GCC_WARN_UNDECLARED_SELECTOR = YES;
				GCC_WARN_UNINITIALIZED_AUTOS = YES_AGGRESSIVE;
				GCC_WARN_UNUSED_FUNCTION = YES;
				GCC_WARN_UNUSED_VARIABLE = YES;
				IPHONEOS_DEPLOYMENT_TARGET = 17.5;
				LOCALIZATION_PREFERS_STRING_CATALOGS = YES;
				MTL_ENABLE_DEBUG_INFO = NO;
				MTL_FAST_MATH = YES;
				SDKROOT = iphoneos;
				SWIFT_COMPILATION_MODE = wholemodule;
				VALIDATE_PRODUCT = YES;
			};
			name = Release;
		};
		5B96B8422C4A1F66009E190A /* Debug */ = {
			isa = XCBuildConfiguration;
			buildSettings = {
				ASSETCATALOG_COMPILER_APPICON_NAME = AppIcon;
				ASSETCATALOG_COMPILER_GLOBAL_ACCENT_COLOR_NAME = AccentColor;
				CODE_SIGN_STYLE = Automatic;
				CURRENT_PROJECT_VERSION = 1;
				GENERATE_INFOPLIST_FILE = YES;
				INFOPLIST_FILE = TestCopilotForXcodeClaude/Info.plist;
				INFOPLIST_KEY_UIApplicationSupportsIndirectInputEvents = YES;
				INFOPLIST_KEY_UILaunchStoryboardName = LaunchScreen;
				INFOPLIST_KEY_UIMainStoryboardFile = Main;
				INFOPLIST_KEY_UISupportedInterfaceOrientations_iPad = "UIInterfaceOrientationPortrait UIInterfaceOrientationPortraitUpsideDown UIInterfaceOrientationLandscapeLeft UIInterfaceOrientationLandscapeRight";
				INFOPLIST_KEY_UISupportedInterfaceOrientations_iPhone = "UIInterfaceOrientationPortrait UIInterfaceOrientationLandscapeLeft UIInterfaceOrientationLandscapeRight";
				LD_RUNPATH_SEARCH_PATHS = (
					"$(inherited)",
					"@executable_path/Frameworks",
				);
				MARKETING_VERSION = 1.0;
				PRODUCT_BUNDLE_IDENTIFIER = com.saten.TestCopilotForXcodeClaude;
				PRODUCT_NAME = "$(TARGET_NAME)";
				SWIFT_EMIT_LOC_STRINGS = YES;
				SWIFT_VERSION = 5.0;
				TARGETED_DEVICE_FAMILY = "1,2";
			};
			name = Debug;
		};
		5B96B8432C4A1F66009E190A /* Release */ = {
			isa = XCBuildConfiguration;
			buildSettings = {
				ASSETCATALOG_COMPILER_APPICON_NAME = AppIcon;
				ASSETCATALOG_COMPILER_GLOBAL_ACCENT_COLOR_NAME = AccentColor;
				CODE_SIGN_STYLE = Automatic;
				CURRENT_PROJECT_VERSION = 1;
				GENERATE_INFOPLIST_FILE = YES;
				INFOPLIST_FILE = TestCopilotForXcodeClaude/Info.plist;
				INFOPLIST_KEY_UIApplicationSupportsIndirectInputEvents = YES;
				INFOPLIST_KEY_UILaunchStoryboardName = LaunchScreen;
				INFOPLIST_KEY_UIMainStoryboardFile = Main;
				INFOPLIST_KEY_UISupportedInterfaceOrientations_iPad = "UIInterfaceOrientationPortrait UIInterfaceOrientationPortraitUpsideDown UIInterfaceOrientationLandscapeLeft UIInterfaceOrientationLandscapeRight";
				INFOPLIST_KEY_UISupportedInterfaceOrientations_iPhone = "UIInterfaceOrientationPortrait UIInterfaceOrientationLandscapeLeft UIInterfaceOrientationLandscapeRight";
				LD_RUNPATH_SEARCH_PATHS = (
					"$(inherited)",
					"@executable_path/Frameworks",
				);
				MARKETING_VERSION = 1.0;
				PRODUCT_BUNDLE_IDENTIFIER = com.saten.TestCopilotForXcodeClaude;
				PRODUCT_NAME = "$(TARGET_NAME)";
				SWIFT_EMIT_LOC_STRINGS = YES;
				SWIFT_VERSION = 5.0;
				TARGETED_DEVICE_FAMILY = "1,2";
			};
			name = Release;
		};
		5B96B8452C4A1F66009E190A /* Debug */ = {
			isa = XCBuildConfiguration;
			buildSettings = {
				ALWAYS_EMBED_SWIFT_STANDARD_LIBRARIES = YES;
				BUNDLE_LOADER = "$(TEST_HOST)";
				CODE_SIGN_STYLE = Automatic;
				CURRENT_PROJECT_VERSION = 1;
				GENERATE_INFOPLIST_FILE = YES;
				IPHONEOS_DEPLOYMENT_TARGET = 17.5;
				MARKETING_VERSION = 1.0;
				PRODUCT_BUNDLE_IDENTIFIER = com.saten.TestCopilotForXcodeClaudeTests;
				PRODUCT_NAME = "$(TARGET_NAME)";
				SWIFT_EMIT_LOC_STRINGS = NO;
				SWIFT_VERSION = 5.0;
				TARGETED_DEVICE_FAMILY = "1,2";
				TEST_HOST = "$(BUILT_PRODUCTS_DIR)/TestCopilotForXcodeClaude.app/$(BUNDLE_EXECUTABLE_FOLDER_PATH)/TestCopilotForXcodeClaude";
			};
			name = Debug;
		};
		5B96B8462C4A1F66009E190A /* Release */ = {
			isa = XCBuildConfiguration;
			buildSettings = {
				ALWAYS_EMBED_SWIFT_STANDARD_LIBRARIES = YES;
				BUNDLE_LOADER = "$(TEST_HOST)";
				CODE_SIGN_STYLE = Automatic;
				CURRENT_PROJECT_VERSION = 1;
				GENERATE_INFOPLIST_FILE = YES;
				IPHONEOS_DEPLOYMENT_TARGET = 17.5;
				MARKETING_VERSION = 1.0;
				PRODUCT_BUNDLE_IDENTIFIER = com.saten.TestCopilotForXcodeClaudeTests;
				PRODUCT_NAME = "$(TARGET_NAME)";
				SWIFT_EMIT_LOC_STRINGS = NO;
				SWIFT_VERSION = 5.0;
				TARGETED_DEVICE_FAMILY = "1,2";
				TEST_HOST = "$(BUILT_PRODUCTS_DIR)/TestCopilotForXcodeClaude.app/$(BUNDLE_EXECUTABLE_FOLDER_PATH)/TestCopilotForXcodeClaude";
			};
			name = Release;
		};
		5B96B8482C4A1F66009E190A /* Debug */ = {
			isa = XCBuildConfiguration;
			buildSettings = {
				ALWAYS_EMBED_SWIFT_STANDARD_LIBRARIES = YES;
				CODE_SIGN_STYLE = Automatic;
				CURRENT_PROJECT_VERSION = 1;
				GENERATE_INFOPLIST_FILE = YES;
				MARKETING_VERSION = 1.0;
				PRODUCT_BUNDLE_IDENTIFIER = com.saten.TestCopilotForXcodeClaudeUITests;
				PRODUCT_NAME = "$(TARGET_NAME)";
				SWIFT_EMIT_LOC_STRINGS = NO;
				SWIFT_VERSION = 5.0;
				TARGETED_DEVICE_FAMILY = "1,2";
				TEST_TARGET_NAME = TestCopilotForXcodeClaude;
			};
			name = Debug;
		};
		5B96B8492C4A1F66009E190A /* Release */ = {
			isa = XCBuildConfiguration;
			buildSettings = {
				ALWAYS_EMBED_SWIFT_STANDARD_LIBRARIES = YES;
				CODE_SIGN_STYLE = Automatic;
				CURRENT_PROJECT_VERSION = 1;
				GENERATE_INFOPLIST_FILE = YES;
				MARKETING_VERSION = 1.0;
				PRODUCT_BUNDLE_IDENTIFIER = com.saten.TestCopilotForXcodeClaudeUITests;
				PRODUCT_NAME = "$(TARGET_NAME)";
				SWIFT_EMIT_LOC_STRINGS = NO;
				SWIFT_VERSION = 5.0;
				TARGETED_DEVICE_FAMILY = "1,2";
				TEST_TARGET_NAME = TestCopilotForXcodeClaude;
			};
			name = Release;
		};
/* End XCBuildConfiguration section */

/* Begin XCConfigurationList section */
		5B96B80F2C4A1F64009E190A /* Build configuration list for PBXProject "TestCopilotForXcodeClaude" */ = {
			isa = XCConfigurationList;
			buildConfigurations = (
				5B96B83F2C4A1F66009E190A /* Debug */,
				5B96B8402C4A1F66009E190A /* Release */,
			);
			defaultConfigurationIsVisible = 0;
			defaultConfigurationName = Release;
		};
		5B96B8412C4A1F66009E190A /* Build configuration list for PBXNativeTarget "TestCopilotForXcodeClaude" */ = {
			isa = XCConfigurationList;
			buildConfigurations = (
				5B96B8422C4A1F66009E190A /* Debug */,
				5B96B8432C4A1F66009E190A /* Release */,
			);
			defaultConfigurationIsVisible = 0;
			defaultConfigurationName = Release;
		};
		5B96B8442C4A1F66009E190A /* Build configuration list for PBXNativeTarget "TestCopilotForXcodeClaudeTests" */ = {
			isa = XCConfigurationList;
			buildConfigurations = (
				5B96B8452C4A1F66009E190A /* Debug */,
				5B96B8462C4A1F66009E190A /* Release */,
			);
			defaultConfigurationIsVisible = 0;
			defaultConfigurationName = Release;
		};
		5B96B8472C4A1F66009E190A /* Build configuration list for PBXNativeTarget "TestCopilotForXcodeClaudeUITests" */ = {
			isa = XCConfigurationList;
			buildConfigurations = (
				5B96B8482C4A1F66009E190A /* Debug */,
				5B96B8492C4A1F66009E190A /* Release */,
			);
			defaultConfigurationIsVisible = 0;
			defaultConfigurationName = Release;
		};
/* End XCConfigurationList section */

/* Begin XCVersionGroup section */
		5B96B8202C4A1F64009E190A /* TestCopilotForXcodeClaude.xcdatamodeld */ = {
			isa = XCVersionGroup;
			children = (
				5B96B8212C4A1F64009E190A /* TestCopilotForXcodeClaude.xcdatamodel */,
			);
			currentVersion = 5B96B8212C4A1F64009E190A /* TestCopilotForXcodeClaude.xcdatamodel */;
			path = TestCopilotForXcodeClaude.xcdatamodeld;
			sourceTree = "<group>";
			versionGroupType = wrapper.xcdatamodel;
		};
/* End XCVersionGroup section */
	};
	rootObject = 5B96B80C2C4A1F64009E190A /* Project object */;
}
